# THIS IS AN AUTOGENERATED FILE. DO NOT EDIT THIS FILE DIRECTLY.
# yarn lockfile v1


"@bonbons/di@^2.0.0-beta.3":
  version "2.0.0-beta.3"
  resolved "https://registry.yarnpkg.com/@bonbons/di/-/di-2.0.0-beta.3.tgz#9b34938d9d3b7c5cf88b9fd01f2bf974b1926812"
  integrity sha512-0dqB/36Zu3dS9oxgmkONcCTlAABSebyCcSSCdVZpSb+95nYCAezDNQpU5kXo7fhFqAQoGOf2XS2vyuXHumu5hg==
  dependencies:
    reflect-metadata "^0.1.12"
  optionalDependencies:
    "@types/node" "^10.3.2"

"@types/node@^10.3.2":
  version "10.17.60"
  resolved "https://registry.yarnpkg.com/@types/node/-/node-10.17.60.tgz#35f3d6213daed95da7f0f73e75bcc6980e90597b"
  integrity sha512-F0KIgDJfy2nA3zMLmWGKxcH2ZVEtCZXHHdOQs2gSaQ27+lNeEfGxzkIw90aXswATX7AZ33tahPbzy6KAfUreVw==

inversify@^6.0.1:
  version "6.0.1"
  resolved "https://registry.yarnpkg.com/inversify/-/inversify-6.0.1.tgz#b20d35425d5d8c5cd156120237aad0008d969f02"
  integrity sha512-B3ex30927698TJENHR++8FfEaJGqoWOgI6ZY5Ht/nLUsFCwHn6akbwtnUAPCgUepAnTpe2qHxhDNjoKLyz6rgQ==

reflect-metadata@^0.1.12, reflect-metadata@^0.1.13:
  version "0.1.13"
  resolved "https://registry.yarnpkg.com/reflect-metadata/-/reflect-metadata-0.1.13.tgz#67ae3ca57c972a2aa1642b10fe363fe32d49dc08"
  integrity sha512-Ts1Y/anZELhSsjMcU605fU9RE4Oi3p5ORujwbIKXfWa+0Zxs510Qrmrce5/Jowq3cHSZSJqBjypxmHarc+vEWg==

tslib@^2.4.1:
  version "2.4.1"
  resolved "https://registry.yarnpkg.com/tslib/-/tslib-2.4.1.tgz#0d0bfbaac2880b91e22df0768e55be9753a5b17e"
  integrity sha512-tGyy4dAjRIEwI7BzsB0lynWgOpfqjUdq91XXAlIWD2OwKBH7oCl/GZG/HT4BOHrTlPMOASlMQ7veyTqpmRcrNA==

typescript@^4.8.4:
  version "4.8.4"
  resolved "https://registry.yarnpkg.com/typescript/-/typescript-4.8.4.tgz#c464abca159669597be5f96b8943500b238e60e6"
  integrity sha512-QCh+85mCy+h0IGff8r5XWzOVSbBO+KfeYrMQh7NJ58QujwcE22u+NUSmUxqF+un70P9GXKxa2HCNiTTMJknyjQ==
